{
    "name": "uniapp markdown语法渲染及代码高亮(vue2版)",
    "version": "1.2.0",
    "lockfileVersion": 2,
    "requires": true,
    "packages": {
        "": {
            "name": "uniapp markdown语法渲染及代码高亮(vue2版)",
            "version": "1.2.0",
            "dependencies": {
                "@dcloudio/uni-ui": "^1.5.7",
                "@vue/composition-api": "^1.7.2",
                "marked": "^15.0.12"
            }
        },
        "node_modules/@dcloudio/uni-ui": {
            "version": "1.5.8",
            "resolved": "https://registry.npmjs.org/@dcloudio/uni-ui/-/uni-ui-1.5.8.tgz",
            "integrity": "sha512-9gnNzr11iG06s97A3WBplqwcAOua7vG7j70hEoPlGoUgDA7at7wo84nkuyXycQaveAHSqNhbCGHVsUUtQcGkJQ=="
        },
        "node_modules/@vue/composition-api": {
            "version": "1.7.2",
            "resolved": "https://registry.npmjs.org/@vue/composition-api/-/composition-api-1.7.2.tgz",
            "integrity": "sha512-M8jm9J/laYrYT02665HkZ5l2fWTK4dcVg3BsDHm/pfz+MjDYwX+9FUaZyGwEyXEDonQYRCo0H7aLgdklcIELjw==",
            "peerDependencies": {
                "vue": ">= 2.5 < 2.7"
            }
        },
        "node_modules/marked": {
            "version": "15.0.12",
            "resolved": "https://registry.npmjs.org/marked/-/marked-15.0.12.tgz",
            "integrity": "sha512-8dD6FusOQSrpv9Z1rdNMdlSgQOIP880DHqnohobOmYLElGEqAL/JvxvuxZO16r4HtjTlfPRDC1hbvxC9dPN2nA==",
            "bin": {
                "marked": "bin/marked.js"
            },
            "engines": {
                "node": ">= 18"
            }
        },
        "node_modules/vue": {
            "version": "2.6.14",
            "resolved": "https://registry.npmjs.org/vue/-/vue-2.6.14.tgz",
            "integrity": "sha512-x2284lgYvjOMj3Za7kqzRcUSxBboHqtgRE2zlos1qWaOye5yUmHn42LB1250NJBLRwEcdrB0JRwyPTEPhfQjiQ==",
            "deprecated": "Vue 2 has reached EOL and is no longer actively maintained. See https://v2.vuejs.org/eol/ for more details.",
            "peer": true
        }
    },
    "dependencies": {
        "@dcloudio/uni-ui": {
            "version": "1.5.8",
            "resolved": "https://registry.npmjs.org/@dcloudio/uni-ui/-/uni-ui-1.5.8.tgz",
            "integrity": "sha512-9gnNzr11iG06s97A3WBplqwcAOua7vG7j70hEoPlGoUgDA7at7wo84nkuyXycQaveAHSqNhbCGHVsUUtQcGkJQ=="
        },
        "@vue/composition-api": {
            "version": "1.7.2",
            "resolved": "https://registry.npmjs.org/@vue/composition-api/-/composition-api-1.7.2.tgz",
            "integrity": "sha512-M8jm9J/laYrYT02665HkZ5l2fWTK4dcVg3BsDHm/pfz+MjDYwX+9FUaZyGwEyXEDonQYRCo0H7aLgdklcIELjw==",
            "requires": {}
        },
        "marked": {
            "version": "15.0.12",
            "resolved": "https://registry.npmjs.org/marked/-/marked-15.0.12.tgz",
            "integrity": "sha512-8dD6FusOQSrpv9Z1rdNMdlSgQOIP880DHqnohobOmYLElGEqAL/JvxvuxZO16r4HtjTlfPRDC1hbvxC9dPN2nA=="
        },
        "vue": {
            "version": "2.6.14",
            "resolved": "https://registry.npmjs.org/vue/-/vue-2.6.14.tgz",
            "integrity": "sha512-x2284lgYvjOMj3Za7kqzRcUSxBboHqtgRE2zlos1qWaOye5yUmHn42LB1250NJBLRwEcdrB0JRwyPTEPhfQjiQ==",
            "peer": true
        }
    }
}
